// !$*UTF8*$!
{
	archiveVersion = 1;
	classes = {
	};
	objectVersion = 50;
	objects = {

/* Begin PBXBuildFile section */
		84510C9C24985CBA005216F1 /* AppDelegate.swift in Sources */ = {isa = PBXBuildFile; fileRef = 84510C9B24985CBA005216F1 /* AppDelegate.swift */; };
		84510CA024985CBA005216F1 /* ViewController.swift in Sources */ = {isa = PBXBuildFile; fileRef = 84510C9F24985CBA005216F1 /* ViewController.swift */; };
		84510CA324985CBA005216F1 /* Main.storyboard in Resources */ = {isa = PBXBuildFile; fileRef = 84510CA124985CBA005216F1 /* Main.storyboard */; };
		84510CA524985CC4005216F1 /* Assets.xcassets in Resources */ = {isa = PBXBuildFile; fileRef = 84510CA424985CC4005216F1 /* Assets.xcassets */; };
		84510CA824985CC4005216F1 /* LaunchScreen.storyboard in Resources */ = {isa = PBXBuildFile; fileRef = 84510CA624985CC4005216F1 /* LaunchScreen.storyboard */; };
		84510CE024987435005216F1 /* Musics.plist in Resources */ = {isa = PBXBuildFile; fileRef = 84510CB424987433005216F1 /* Musics.plist */; };
		84510CE124987435005216F1 /* 月半小夜曲.lrc in Resources */ = {isa = PBXBuildFile; fileRef = 84510CB624987433005216F1 /* 月半小夜曲.lrc */; };
		84510CE224987435005216F1 /* 255319.lrc in Resources */ = {isa = PBXBuildFile; fileRef = 84510CB724987433005216F1 /* 255319.lrc */; };
		84510CE324987435005216F1 /* 14945107.lrc in Resources */ = {isa = PBXBuildFile; fileRef = 84510CB824987433005216F1 /* 14945107.lrc */; };
		84510CE424987435005216F1 /* 10736444.lrc in Resources */ = {isa = PBXBuildFile; fileRef = 84510CB924987433005216F1 /* 10736444.lrc */; };
		84510CE524987435005216F1 /* 309769.lrc in Resources */ = {isa = PBXBuildFile; fileRef = 84510CBA24987433005216F1 /* 309769.lrc */; };
		84510CE624987435005216F1 /* 235319.lrc in Resources */ = {isa = PBXBuildFile; fileRef = 84510CBB24987433005216F1 /* 235319.lrc */; };
		84510CE724987435005216F1 /* 12309111.lrc in Resources */ = {isa = PBXBuildFile; fileRef = 84510CBC24987433005216F1 /* 12309111.lrc */; };
		84510CE824987435005216F1 /* 339744.lrc in Resources */ = {isa = PBXBuildFile; fileRef = 84510CBD24987433005216F1 /* 339744.lrc */; };
		84510CE924987435005216F1 /* 10405520.lrc in Resources */ = {isa = PBXBuildFile; fileRef = 84510CBE24987433005216F1 /* 10405520.lrc */; };
		84510CEA24987435005216F1 /* 120125029.lrc in Resources */ = {isa = PBXBuildFile; fileRef = 84510CBF24987433005216F1 /* 120125029.lrc */; };
		84510CEB24987435005216F1 /* wf@2x.jpg in Resources */ = {isa = PBXBuildFile; fileRef = 84510CC124987433005216F1 /* wf@2x.jpg */; };
		84510CEC24987435005216F1 /* jay@2x.jpg in Resources */ = {isa = PBXBuildFile; fileRef = 84510CC224987433005216F1 /* jay@2x.jpg */; };
		84510CED24987435005216F1 /* lkq_icon@2x.jpg in Resources */ = {isa = PBXBuildFile; fileRef = 84510CC324987433005216F1 /* lkq_icon@2x.jpg */; };
		84510CEE24987435005216F1 /* jay_icon@2x.png in Resources */ = {isa = PBXBuildFile; fileRef = 84510CC424987433005216F1 /* jay_icon@2x.png */; };
		84510CEF24987435005216F1 /* dzq_icon@2x.jpg in Resources */ = {isa = PBXBuildFile; fileRef = 84510CC524987433005216F1 /* dzq_icon@2x.jpg */; };
		84510CF024987435005216F1 /* zxy@2x.jpg in Resources */ = {isa = PBXBuildFile; fileRef = 84510CC624987433005216F1 /* zxy@2x.jpg */; };
		84510CF124987435005216F1 /* kzxd_icon@2x.jpg in Resources */ = {isa = PBXBuildFile; fileRef = 84510CC724987433005216F1 /* kzxd_icon@2x.jpg */; };
		84510CF224987435005216F1 /* dzq@2x.jpg in Resources */ = {isa = PBXBuildFile; fileRef = 84510CC824987433005216F1 /* dzq@2x.jpg */; };
		84510CF324987435005216F1 /* jj@2x.jpg in Resources */ = {isa = PBXBuildFile; fileRef = 84510CC924987433005216F1 /* jj@2x.jpg */; };
		84510CF424987435005216F1 /* lkq@2x.jpg in Resources */ = {isa = PBXBuildFile; fileRef = 84510CCA24987433005216F1 /* lkq@2x.jpg */; };
		84510CF524987435005216F1 /* wf_icon@2x.jpg in Resources */ = {isa = PBXBuildFile; fileRef = 84510CCB24987433005216F1 /* wf_icon@2x.jpg */; };
		84510CF624987435005216F1 /* eason_icon@2x.jpg in Resources */ = {isa = PBXBuildFile; fileRef = 84510CCC24987433005216F1 /* eason_icon@2x.jpg */; };
		84510CF724987435005216F1 /* kzxd@2x.jpg in Resources */ = {isa = PBXBuildFile; fileRef = 84510CCD24987433005216F1 /* kzxd@2x.jpg */; };
		84510CF824987435005216F1 /* bb@2x.jpg in Resources */ = {isa = PBXBuildFile; fileRef = 84510CCE24987433005216F1 /* bb@2x.jpg */; };
		84510CF924987435005216F1 /* eason@2x.jpg in Resources */ = {isa = PBXBuildFile; fileRef = 84510CCF24987433005216F1 /* eason@2x.jpg */; };
		84510CFA24987435005216F1 /* jj_icon@2x.png in Resources */ = {isa = PBXBuildFile; fileRef = 84510CD024987433005216F1 /* jj_icon@2x.png */; };
		84510CFB24987435005216F1 /* nanquan@2x.jpg in Resources */ = {isa = PBXBuildFile; fileRef = 84510CD124987433005216F1 /* nanquan@2x.jpg */; };
		84510CFC24987435005216F1 /* bb_icon@2x.jpg in Resources */ = {isa = PBXBuildFile; fileRef = 84510CD224987433005216F1 /* bb_icon@2x.jpg */; };
		84510CFD24987435005216F1 /* zxy_icon@2x.jpg in Resources */ = {isa = PBXBuildFile; fileRef = 84510CD324987433005216F1 /* zxy_icon@2x.jpg */; };
		84510CFE24987435005216F1 /* nanquan_icon@2x.jpg in Resources */ = {isa = PBXBuildFile; fileRef = 84510CD424987433005216F1 /* nanquan_icon@2x.jpg */; };
		84510CFF24987435005216F1 /* 14945107.mp3 in Resources */ = {isa = PBXBuildFile; fileRef = 84510CD624987435005216F1 /* 14945107.mp3 */; };
		84510D0024987435005216F1 /* 255319.mp3 in Resources */ = {isa = PBXBuildFile; fileRef = 84510CD724987435005216F1 /* 255319.mp3 */; };
		84510D0124987435005216F1 /* 235319.mp3 in Resources */ = {isa = PBXBuildFile; fileRef = 84510CD824987435005216F1 /* 235319.mp3 */; };
		84510D0224987435005216F1 /* 309769.mp3 in Resources */ = {isa = PBXBuildFile; fileRef = 84510CD924987435005216F1 /* 309769.mp3 */; };
		84510D0324987435005216F1 /* 10736444.mp3 in Resources */ = {isa = PBXBuildFile; fileRef = 84510CDA24987435005216F1 /* 10736444.mp3 */; };
		84510D0424987435005216F1 /* 1201111234.mp3 in Resources */ = {isa = PBXBuildFile; fileRef = 84510CDB24987435005216F1 /* 1201111234.mp3 */; };
		84510D0524987435005216F1 /* 10405520.mp3 in Resources */ = {isa = PBXBuildFile; fileRef = 84510CDC24987435005216F1 /* 10405520.mp3 */; };
		84510D0624987435005216F1 /* 120125029.mp3 in Resources */ = {isa = PBXBuildFile; fileRef = 84510CDD24987435005216F1 /* 120125029.mp3 */; };
		84510D0724987435005216F1 /* 12309111.mp3 in Resources */ = {isa = PBXBuildFile; fileRef = 84510CDE24987435005216F1 /* 12309111.mp3 */; };
		84510D0824987435005216F1 /* 339744.mp3 in Resources */ = {isa = PBXBuildFile; fileRef = 84510CDF24987435005216F1 /* 339744.mp3 */; };
		D12CD4FA2498F4920041B9AA /* HXQMusicModel.swift in Sources */ = {isa = PBXBuildFile; fileRef = D12CD4F92498F4920041B9AA /* HXQMusicModel.swift */; };
		D12CD4FD2498F57C0041B9AA /* HXQMusicTool.swift in Sources */ = {isa = PBXBuildFile; fileRef = D12CD4FC2498F57C0041B9AA /* HXQMusicTool.swift */; };
		D17D3331249A3BA400632E56 /* HXQAudioTool.swift in Sources */ = {isa = PBXBuildFile; fileRef = D17D3330249A3BA400632E56 /* HXQAudioTool.swift */; };
/* End PBXBuildFile section */

/* Begin PBXFileReference section */
		84510C9824985CBA005216F1 /* MusicDemo.app */ = {isa = PBXFileReference; explicitFileType = wrapper.application; includeInIndex = 0; path = MusicDemo.app; sourceTree = BUILT_PRODUCTS_DIR; };
		84510C9B24985CBA005216F1 /* AppDelegate.swift */ = {isa = PBXFileReference; lastKnownFileType = sourcecode.swift; path = AppDelegate.swift; sourceTree = "<group>"; };
		84510C9F24985CBA005216F1 /* ViewController.swift */ = {isa = PBXFileReference; lastKnownFileType = sourcecode.swift; path = ViewController.swift; sourceTree = "<group>"; };
		84510CA224985CBA005216F1 /* Base */ = {isa = PBXFileReference; lastKnownFileType = file.storyboard; name = Base; path = Base.lproj/Main.storyboard; sourceTree = "<group>"; };
		84510CA424985CC4005216F1 /* Assets.xcassets */ = {isa = PBXFileReference; lastKnownFileType = folder.assetcatalog; path = Assets.xcassets; sourceTree = "<group>"; };
		84510CA724985CC4005216F1 /* Base */ = {isa = PBXFileReference; lastKnownFileType = file.storyboard; name = Base; path = Base.lproj/LaunchScreen.storyboard; sourceTree = "<group>"; };
		84510CA924985CC4005216F1 /* Info.plist */ = {isa = PBXFileReference; lastKnownFileType = text.plist.xml; path = Info.plist; sourceTree = "<group>"; };
		84510CB424987433005216F1 /* Musics.plist */ = {isa = PBXFileReference; fileEncoding = 4; lastKnownFileType = text.plist.xml; path = Musics.plist; sourceTree = "<group>"; };
		84510CB624987433005216F1 /* 月半小夜曲.lrc */ = {isa = PBXFileReference; fileEncoding = 4; lastKnownFileType = text; path = "月半小夜曲.lrc"; sourceTree = "<group>"; };
		84510CB724987433005216F1 /* 255319.lrc */ = {isa = PBXFileReference; fileEncoding = 4; lastKnownFileType = text; path = 255319.lrc; sourceTree = "<group>"; };
		84510CB824987433005216F1 /* 14945107.lrc */ = {isa = PBXFileReference; fileEncoding = 4; lastKnownFileType = text; path = 14945107.lrc; sourceTree = "<group>"; };
		84510CB924987433005216F1 /* 10736444.lrc */ = {isa = PBXFileReference; fileEncoding = 4; lastKnownFileType = text; path = 10736444.lrc; sourceTree = "<group>"; };
		84510CBA24987433005216F1 /* 309769.lrc */ = {isa = PBXFileReference; fileEncoding = 4; lastKnownFileType = text; path = 309769.lrc; sourceTree = "<group>"; };
		84510CBB24987433005216F1 /* 235319.lrc */ = {isa = PBXFileReference; fileEncoding = 4; lastKnownFileType = text; path = 235319.lrc; sourceTree = "<group>"; };
		84510CBC24987433005216F1 /* 12309111.lrc */ = {isa = PBXFileReference; fileEncoding = 4; lastKnownFileType = text; path = 12309111.lrc; sourceTree = "<group>"; };
		84510CBD24987433005216F1 /* 339744.lrc */ = {isa = PBXFileReference; fileEncoding = 4; lastKnownFileType = text; path = 339744.lrc; sourceTree = "<group>"; };
		84510CBE24987433005216F1 /* 10405520.lrc */ = {isa = PBXFileReference; fileEncoding = 4; lastKnownFileType = text; path = 10405520.lrc; sourceTree = "<group>"; };
		84510CBF24987433005216F1 /* 120125029.lrc */ = {isa = PBXFileReference; fileEncoding = 4; lastKnownFileType = text; path = 120125029.lrc; sourceTree = "<group>"; };
		84510CC124987433005216F1 /* wf@2x.jpg */ = {isa = PBXFileReference; lastKnownFileType = image.jpeg; path = "wf@2x.jpg"; sourceTree = "<group>"; };
		84510CC224987433005216F1 /* jay@2x.jpg */ = {isa = PBXFileReference; lastKnownFileType = image.jpeg; path = "jay@2x.jpg"; sourceTree = "<group>"; };
		84510CC324987433005216F1 /* lkq_icon@2x.jpg */ = {isa = PBXFileReference; lastKnownFileType = image.jpeg; path = "lkq_icon@2x.jpg"; sourceTree = "<group>"; };
		84510CC424987433005216F1 /* jay_icon@2x.png */ = {isa = PBXFileReference; lastKnownFileType = image.png; path = "jay_icon@2x.png"; sourceTree = "<group>"; };
		84510CC524987433005216F1 /* dzq_icon@2x.jpg */ = {isa = PBXFileReference; lastKnownFileType = image.jpeg; path = "dzq_icon@2x.jpg"; sourceTree = "<group>"; };
		84510CC624987433005216F1 /* zxy@2x.jpg */ = {isa = PBXFileReference; lastKnownFileType = image.jpeg; path = "zxy@2x.jpg"; sourceTree = "<group>"; };
		84510CC724987433005216F1 /* kzxd_icon@2x.jpg */ = {isa = PBXFileReference; lastKnownFileType = image.jpeg; path = "kzxd_icon@2x.jpg"; sourceTree = "<group>"; };
		84510CC824987433005216F1 /* dzq@2x.jpg */ = {isa = PBXFileReference; lastKnownFileType = image.jpeg; path = "dzq@2x.jpg"; sourceTree = "<group>"; };
		84510CC924987433005216F1 /* jj@2x.jpg */ = {isa = PBXFileReference; lastKnownFileType = image.jpeg; path = "jj@2x.jpg"; sourceTree = "<group>"; };
		84510CCA24987433005216F1 /* lkq@2x.jpg */ = {isa = PBXFileReference; lastKnownFileType = image.jpeg; path = "lkq@2x.jpg"; sourceTree = "<group>"; };
		84510CCB24987433005216F1 /* wf_icon@2x.jpg */ = {isa = PBXFileReference; lastKnownFileType = image.jpeg; path = "wf_icon@2x.jpg"; sourceTree = "<group>"; };
		84510CCC24987433005216F1 /* eason_icon@2x.jpg */ = {isa = PBXFileReference; lastKnownFileType = image.jpeg; path = "eason_icon@2x.jpg"; sourceTree = "<group>"; };
		84510CCD24987433005216F1 /* kzxd@2x.jpg */ = {isa = PBXFileReference; lastKnownFileType = image.jpeg; path = "kzxd@2x.jpg"; sourceTree = "<group>"; };
		84510CCE24987433005216F1 /* bb@2x.jpg */ = {isa = PBXFileReference; lastKnownFileType = image.jpeg; path = "bb@2x.jpg"; sourceTree = "<group>"; };
		84510CCF24987433005216F1 /* eason@2x.jpg */ = {isa = PBXFileReference; lastKnownFileType = image.jpeg; path = "eason@2x.jpg"; sourceTree = "<group>"; };
		84510CD024987433005216F1 /* jj_icon@2x.png */ = {isa = PBXFileReference; lastKnownFileType = image.png; path = "jj_icon@2x.png"; sourceTree = "<group>"; };
		84510CD124987433005216F1 /* nanquan@2x.jpg */ = {isa = PBXFileReference; lastKnownFileType = image.jpeg; path = "nanquan@2x.jpg"; sourceTree = "<group>"; };
		84510CD224987433005216F1 /* bb_icon@2x.jpg */ = {isa = PBXFileReference; lastKnownFileType = image.jpeg; path = "bb_icon@2x.jpg"; sourceTree = "<group>"; };
		84510CD324987433005216F1 /* zxy_icon@2x.jpg */ = {isa = PBXFileReference; lastKnownFileType = image.jpeg; path = "zxy_icon@2x.jpg"; sourceTree = "<group>"; };
		84510CD424987433005216F1 /* nanquan_icon@2x.jpg */ = {isa = PBXFileReference; lastKnownFileType = image.jpeg; path = "nanquan_icon@2x.jpg"; sourceTree = "<group>"; };
		84510CD624987435005216F1 /* 14945107.mp3 */ = {isa = PBXFileReference; lastKnownFileType = audio.mp3; path = 14945107.mp3; sourceTree = "<group>"; };
		84510CD724987435005216F1 /* 255319.mp3 */ = {isa = PBXFileReference; lastKnownFileType = audio.mp3; path = 255319.mp3; sourceTree = "<group>"; };
		84510CD824987435005216F1 /* 235319.mp3 */ = {isa = PBXFileReference; lastKnownFileType = audio.mp3; path = 235319.mp3; sourceTree = "<group>"; };
		84510CD924987435005216F1 /* 309769.mp3 */ = {isa = PBXFileReference; lastKnownFileType = audio.mp3; path = 309769.mp3; sourceTree = "<group>"; };
		84510CDA24987435005216F1 /* 10736444.mp3 */ = {isa = PBXFileReference; lastKnownFileType = audio.mp3; path = 10736444.mp3; sourceTree = "<group>"; };
		84510CDB24987435005216F1 /* 1201111234.mp3 */ = {isa = PBXFileReference; lastKnownFileType = audio.mp3; path = 1201111234.mp3; sourceTree = "<group>"; };
		84510CDC24987435005216F1 /* 10405520.mp3 */ = {isa = PBXFileReference; lastKnownFileType = audio.mp3; path = 10405520.mp3; sourceTree = "<group>"; };
		84510CDD24987435005216F1 /* 120125029.mp3 */ = {isa = PBXFileReference; lastKnownFileType = audio.mp3; path = 120125029.mp3; sourceTree = "<group>"; };
		84510CDE24987435005216F1 /* 12309111.mp3 */ = {isa = PBXFileReference; lastKnownFileType = audio.mp3; path = 12309111.mp3; sourceTree = "<group>"; };
		84510CDF24987435005216F1 /* 339744.mp3 */ = {isa = PBXFileReference; lastKnownFileType = audio.mp3; path = 339744.mp3; sourceTree = "<group>"; };
		D12CD4F92498F4920041B9AA /* HXQMusicModel.swift */ = {isa = PBXFileReference; fileEncoding = 4; lastKnownFileType = sourcecode.swift; path = HXQMusicModel.swift; sourceTree = "<group>"; };
		D12CD4FC2498F57C0041B9AA /* HXQMusicTool.swift */ = {isa = PBXFileReference; lastKnownFileType = sourcecode.swift; path = HXQMusicTool.swift; sourceTree = "<group>"; };
		D17D3330249A3BA400632E56 /* HXQAudioTool.swift */ = {isa = PBXFileReference; lastKnownFileType = sourcecode.swift; path = HXQAudioTool.swift; sourceTree = "<group>"; };
/* End PBXFileReference section */

/* Begin PBXFrameworksBuildPhase section */
		84510C9524985CBA005216F1 /* Frameworks */ = {
			isa = PBXFrameworksBuildPhase;
			buildActionMask = 2147483647;
			files = (
			);
			runOnlyForDeploymentPostprocessing = 0;
		};
/* End PBXFrameworksBuildPhase section */

/* Begin PBXGroup section */
		84510C8F24985CBA005216F1 = {
			isa = PBXGroup;
			children = (
				84510C9A24985CBA005216F1 /* MusicDemo */,
				84510C9924985CBA005216F1 /* Products */,
			);
			sourceTree = "<group>";
		};
		84510C9924985CBA005216F1 /* Products */ = {
			isa = PBXGroup;
			children = (
				84510C9824985CBA005216F1 /* MusicDemo.app */,
			);
			name = Products;
			sourceTree = "<group>";
		};
		84510C9A24985CBA005216F1 /* MusicDemo */ = {
			isa = PBXGroup;
			children = (
				84510CB1249873FE005216F1 /* SupportFiles */,
				84510CAF24985EE6005216F1 /* Class */,
				84510C9B24985CBA005216F1 /* AppDelegate.swift */,
				84510CA124985CBA005216F1 /* Main.storyboard */,
				84510CA424985CC4005216F1 /* Assets.xcassets */,
				84510CA624985CC4005216F1 /* LaunchScreen.storyboard */,
				84510CA924985CC4005216F1 /* Info.plist */,
			);
			path = MusicDemo;
			sourceTree = "<group>";
		};
		84510CAF24985EE6005216F1 /* Class */ = {
			isa = PBXGroup;
			children = (
				D12CD4FB2498F4BB0041B9AA /* Tool */,
				D12CD4F82498F3F80041B9AA /* Model */,
				84510C9F24985CBA005216F1 /* ViewController.swift */,
			);
			path = Class;
			sourceTree = "<group>";
		};
		84510CB1249873FE005216F1 /* SupportFiles */ = {
			isa = PBXGroup;
			children = (
				84510CB324987412005216F1 /* Resources */,
			);
			path = SupportFiles;
			sourceTree = "<group>";
		};
		84510CB324987412005216F1 /* Resources */ = {
			isa = PBXGroup;
			children = (
				84510CC024987433005216F1 /* Images */,
				84510CB524987433005216F1 /* Lrcs */,
				84510CD524987435005216F1 /* MP3s */,
				84510CB424987433005216F1 /* Musics.plist */,
			);
			path = Resources;
			sourceTree = "<group>";
		};
		84510CB524987433005216F1 /* Lrcs */ = {
			isa = PBXGroup;
			children = (
				84510CB624987433005216F1 /* 月半小夜曲.lrc */,
				84510CB724987433005216F1 /* 255319.lrc */,
				84510CB824987433005216F1 /* 14945107.lrc */,
				84510CB924987433005216F1 /* 10736444.lrc */,
				84510CBA24987433005216F1 /* 309769.lrc */,
				84510CBB24987433005216F1 /* 235319.lrc */,
				84510CBC24987433005216F1 /* 12309111.lrc */,
				84510CBD24987433005216F1 /* 339744.lrc */,
				84510CBE24987433005216F1 /* 10405520.lrc */,
				84510CBF24987433005216F1 /* 120125029.lrc */,
			);
			path = Lrcs;
			sourceTree = "<group>";
		};
		84510CC024987433005216F1 /* Images */ = {
			isa = PBXGroup;
			children = (
				84510CC124987433005216F1 /* wf@2x.jpg */,
				84510CC224987433005216F1 /* jay@2x.jpg */,
				84510CC324987433005216F1 /* lkq_icon@2x.jpg */,
				84510CC424987433005216F1 /* jay_icon@2x.png */,
				84510CC524987433005216F1 /* dzq_icon@2x.jpg */,
				84510CC624987433005216F1 /* zxy@2x.jpg */,
				84510CC724987433005216F1 /* kzxd_icon@2x.jpg */,
				84510CC824987433005216F1 /* dzq@2x.jpg */,
				84510CC924987433005216F1 /* jj@2x.jpg */,
				84510CCA24987433005216F1 /* lkq@2x.jpg */,
				84510CCB24987433005216F1 /* wf_icon@2x.jpg */,
				84510CCC24987433005216F1 /* eason_icon@2x.jpg */,
				84510CCD24987433005216F1 /* kzxd@2x.jpg */,
				84510CCE24987433005216F1 /* bb@2x.jpg */,
				84510CCF24987433005216F1 /* eason@2x.jpg */,
				84510CD024987433005216F1 /* jj_icon@2x.png */,
				84510CD124987433005216F1 /* nanquan@2x.jpg */,
				84510CD224987433005216F1 /* bb_icon@2x.jpg */,
				84510CD324987433005216F1 /* zxy_icon@2x.jpg */,
				84510CD424987433005216F1 /* nanquan_icon@2x.jpg */,
			);
			path = Images;
			sourceTree = "<group>";
		};
		84510CD524987435005216F1 /* MP3s */ = {
			isa = PBXGroup;
			children = (
				84510CD624987435005216F1 /* 14945107.mp3 */,
				84510CD724987435005216F1 /* 255319.mp3 */,
				84510CD824987435005216F1 /* 235319.mp3 */,
				84510CD924987435005216F1 /* 309769.mp3 */,
				84510CDA24987435005216F1 /* 10736444.mp3 */,
				84510CDB24987435005216F1 /* 1201111234.mp3 */,
				84510CDC24987435005216F1 /* 10405520.mp3 */,
				84510CDD24987435005216F1 /* 120125029.mp3 */,
				84510CDE24987435005216F1 /* 12309111.mp3 */,
				84510CDF24987435005216F1 /* 339744.mp3 */,
			);
			path = MP3s;
			sourceTree = "<group>";
		};
		D12CD4F82498F3F80041B9AA /* Model */ = {
			isa = PBXGroup;
			children = (
				D12CD4F92498F4920041B9AA /* HXQMusicModel.swift */,
			);
			path = Model;
			sourceTree = "<group>";
		};
		D12CD4FB2498F4BB0041B9AA /* Tool */ = {
			isa = PBXGroup;
			children = (
				D12CD4FC2498F57C0041B9AA /* HXQMusicTool.swift */,
				D17D3330249A3BA400632E56 /* HXQAudioTool.swift */,
			);
			path = Tool;
			sourceTree = "<group>";
		};
/* End PBXGroup section */

/* Begin PBXNativeTarget section */
		84510C9724985CBA005216F1 /* MusicDemo */ = {
			isa = PBXNativeTarget;
			buildConfigurationList = 84510CAC24985CC4005216F1 /* Build configuration list for PBXNativeTarget "MusicDemo" */;
			buildPhases = (
				84510C9424985CBA005216F1 /* Sources */,
				84510C9524985CBA005216F1 /* Frameworks */,
				84510C9624985CBA005216F1 /* Resources */,
			);
			buildRules = (
			);
			dependencies = (
			);
			name = MusicDemo;
			productName = MusicDemo;
			productReference = 84510C9824985CBA005216F1 /* MusicDemo.app */;
			productType = "com.apple.product-type.application";
		};
/* End PBXNativeTarget section */

/* Begin PBXProject section */
		84510C9024985CBA005216F1 /* Project object */ = {
			isa = PBXProject;
			attributes = {
				CLASSPREFIX = HXQ;
				LastSwiftUpdateCheck = 1150;
				LastUpgradeCheck = 1150;
				ORGANIZATIONNAME = huxq;
				TargetAttributes = {
					84510C9724985CBA005216F1 = {
						CreatedOnToolsVersion = 11.5;
					};
				};
			};
			buildConfigurationList = 84510C9324985CBA005216F1 /* Build configuration list for PBXProject "MusicDemo" */;
			compatibilityVersion = "Xcode 9.3";
			developmentRegion = en;
			hasScannedForEncodings = 0;
			knownRegions = (
				en,
				Base,
			);
			mainGroup = 84510C8F24985CBA005216F1;
			productRefGroup = 84510C9924985CBA005216F1 /* Products */;
			projectDirPath = "";
			projectRoot = "";
			targets = (
				84510C9724985CBA005216F1 /* MusicDemo */,
			);
		};
/* End PBXProject section */

/* Begin PBXResourcesBuildPhase section */
		84510C9624985CBA005216F1 /* Resources */ = {
			isa = PBXResourcesBuildPhase;
			buildActionMask = 2147483647;
			files = (
				84510CEA24987435005216F1 /* 120125029.lrc in Resources */,
				84510CE524987435005216F1 /* 309769.lrc in Resources */,
				84510D0224987435005216F1 /* 309769.mp3 in Resources */,
				84510CFE24987435005216F1 /* nanquan_icon@2x.jpg in Resources */,
				84510CEB24987435005216F1 /* wf@2x.jpg in Resources */,
				84510D0124987435005216F1 /* 235319.mp3 in Resources */,
				84510CE424987435005216F1 /* 10736444.lrc in Resources */,
				84510CE224987435005216F1 /* 255319.lrc in Resources */,
				84510CE324987435005216F1 /* 14945107.lrc in Resources */,
				84510CF324987435005216F1 /* jj@2x.jpg in Resources */,
				84510CE724987435005216F1 /* 12309111.lrc in Resources */,
				84510CFD24987435005216F1 /* zxy_icon@2x.jpg in Resources */,
				84510CEC24987435005216F1 /* jay@2x.jpg in Resources */,
				84510CEE24987435005216F1 /* jay_icon@2x.png in Resources */,
				84510CEF24987435005216F1 /* dzq_icon@2x.jpg in Resources */,
				84510CF724987435005216F1 /* kzxd@2x.jpg in Resources */,
				84510CF024987435005216F1 /* zxy@2x.jpg in Resources */,
				84510CF524987435005216F1 /* wf_icon@2x.jpg in Resources */,
				84510CE124987435005216F1 /* 月半小夜曲.lrc in Resources */,
				84510CED24987435005216F1 /* lkq_icon@2x.jpg in Resources */,
				84510CF924987435005216F1 /* eason@2x.jpg in Resources */,
				84510CA824985CC4005216F1 /* LaunchScreen.storyboard in Resources */,
				84510CA524985CC4005216F1 /* Assets.xcassets in Resources */,
				84510D0024987435005216F1 /* 255319.mp3 in Resources */,
				84510D0524987435005216F1 /* 10405520.mp3 in Resources */,
				84510CFC24987435005216F1 /* bb_icon@2x.jpg in Resources */,
				84510D0324987435005216F1 /* 10736444.mp3 in Resources */,
				84510D0624987435005216F1 /* 120125029.mp3 in Resources */,
				84510CFB24987435005216F1 /* nanquan@2x.jpg in Resources */,
				84510CFA24987435005216F1 /* jj_icon@2x.png in Resources */,
				84510D0824987435005216F1 /* 339744.mp3 in Resources */,
				84510CF824987435005216F1 /* bb@2x.jpg in Resources */,
				84510CE024987435005216F1 /* Musics.plist in Resources */,
				84510CF224987435005216F1 /* dzq@2x.jpg in Resources */,
				84510CE624987435005216F1 /* 235319.lrc in Resources */,
				84510CF424987435005216F1 /* lkq@2x.jpg in Resources */,
				84510CA324985CBA005216F1 /* Main.storyboard in Resources */,
				84510D0724987435005216F1 /* 12309111.mp3 in Resources */,
				84510CF124987435005216F1 /* kzxd_icon@2x.jpg in Resources */,
				84510CE924987435005216F1 /* 10405520.lrc in Resources */,
				84510D0424987435005216F1 /* 1201111234.mp3 in Resources */,
				84510CF624987435005216F1 /* eason_icon@2x.jpg in Resources */,
				84510CFF24987435005216F1 /* 14945107.mp3 in Resources */,
				84510CE824987435005216F1 /* 339744.lrc in Resources */,
			);
			runOnlyForDeploymentPostprocessing = 0;
		};
/* End PBXResourcesBuildPhase section */

/* Begin PBXSourcesBuildPhase section */
		84510C9424985CBA005216F1 /* Sources */ = {
			isa = PBXSourcesBuildPhase;
			buildActionMask = 2147483647;
			files = (
				84510CA024985CBA005216F1 /* ViewController.swift in Sources */,
				D12CD4FD2498F57C0041B9AA /* HXQMusicTool.swift in Sources */,
				D17D3331249A3BA400632E56 /* HXQAudioTool.swift in Sources */,
				84510C9C24985CBA005216F1 /* AppDelegate.swift in Sources */,
				D12CD4FA2498F4920041B9AA /* HXQMusicModel.swift in Sources */,
			);
			runOnlyForDeploymentPostprocessing = 0;
		};
/* End PBXSourcesBuildPhase section */

/* Begin PBXVariantGroup section */
		84510CA124985CBA005216F1 /* Main.storyboard */ = {
			isa = PBXVariantGroup;
			children = (
				84510CA224985CBA005216F1 /* Base */,
			);
			name = Main.storyboard;
			sourceTree = "<group>";
		};
		84510CA624985CC4005216F1 /* LaunchScreen.storyboard */ = {
			isa = PBXVariantGroup;
			children = (
				84510CA724985CC4005216F1 /* Base */,
			);
			name = LaunchScreen.storyboard;
			sourceTree = "<group>";
		};
/* End PBXVariantGroup section */

/* Begin XCBuildConfiguration section */
		84510CAA24985CC4005216F1 /* Debug */ = {
			isa = XCBuildConfiguration;
			buildSettings = {
				ALWAYS_SEARCH_USER_PATHS = NO;
				CLANG_ANALYZER_NONNULL = YES;
				CLANG_ANALYZER_NUMBER_OBJECT_CONVERSION = YES_AGGRESSIVE;
				CLANG_CXX_LANGUAGE_STANDARD = "gnu++14";
				CLANG_CXX_LIBRARY = "libc++";
				CLANG_ENABLE_MODULES = YES;
				CLANG_ENABLE_OBJC_ARC = YES;
				CLANG_ENABLE_OBJC_WEAK = YES;
				CLANG_WARN_BLOCK_CAPTURE_AUTORELEASING = YES;
				CLANG_WARN_BOOL_CONVERSION = YES;
				CLANG_WARN_COMMA = YES;
				CLANG_WARN_CONSTANT_CONVERSION = YES;
				CLANG_WARN_DEPRECATED_OBJC_IMPLEMENTATIONS = YES;
				CLANG_WARN_DIRECT_OBJC_ISA_USAGE = YES_ERROR;
				CLANG_WARN_DOCUMENTATION_COMMENTS = YES;
				CLANG_WARN_EMPTY_BODY = YES;
				CLANG_WARN_ENUM_CONVERSION = YES;
				CLANG_WARN_INFINITE_RECURSION = YES;
				CLANG_WARN_INT_CONVERSION = YES;
				CLANG_WARN_NON_LITERAL_NULL_CONVERSION = YES;
				CLANG_WARN_OBJC_IMPLICIT_RETAIN_SELF = YES;
				CLANG_WARN_OBJC_LITERAL_CONVERSION = YES;
				CLANG_WARN_OBJC_ROOT_CLASS = YES_ERROR;
				CLANG_WARN_RANGE_LOOP_ANALYSIS = YES;
				CLANG_WARN_STRICT_PROTOTYPES = YES;
				CLANG_WARN_SUSPICIOUS_MOVE = YES;
				CLANG_WARN_UNGUARDED_AVAILABILITY = YES_AGGRESSIVE;
				CLANG_WARN_UNREACHABLE_CODE = YES;
				CLANG_WARN__DUPLICATE_METHOD_MATCH = YES;
				COPY_PHASE_STRIP = NO;
				DEBUG_INFORMATION_FORMAT = dwarf;
				ENABLE_STRICT_OBJC_MSGSEND = YES;
				ENABLE_TESTABILITY = YES;
				GCC_C_LANGUAGE_STANDARD = gnu11;
				GCC_DYNAMIC_NO_PIC = NO;
				GCC_NO_COMMON_BLOCKS = YES;
				GCC_OPTIMIZATION_LEVEL = 0;
				GCC_PREPROCESSOR_DEFINITIONS = (
					"DEBUG=1",
					"$(inherited)",
				);
				GCC_WARN_64_TO_32_BIT_CONVERSION = YES;
				GCC_WARN_ABOUT_RETURN_TYPE = YES_ERROR;
				GCC_WARN_UNDECLARED_SELECTOR = YES;
				GCC_WARN_UNINITIALIZED_AUTOS = YES_AGGRESSIVE;
				GCC_WARN_UNUSED_FUNCTION = YES;
				GCC_WARN_UNUSED_VARIABLE = YES;
				IPHONEOS_DEPLOYMENT_TARGET = 13.5;
				MTL_ENABLE_DEBUG_INFO = INCLUDE_SOURCE;
				MTL_FAST_MATH = YES;
				ONLY_ACTIVE_ARCH = YES;
				SDKROOT = iphoneos;
				SWIFT_ACTIVE_COMPILATION_CONDITIONS = DEBUG;
				SWIFT_OPTIMIZATION_LEVEL = "-Onone";
			};
			name = Debug;
		};
		84510CAB24985CC4005216F1 /* Release */ = {
			isa = XCBuildConfiguration;
			buildSettings = {
				ALWAYS_SEARCH_USER_PATHS = NO;
				CLANG_ANALYZER_NONNULL = YES;
				CLANG_ANALYZER_NUMBER_OBJECT_CONVERSION = YES_AGGRESSIVE;
				CLANG_CXX_LANGUAGE_STANDARD = "gnu++14";
				CLANG_CXX_LIBRARY = "libc++";
				CLANG_ENABLE_MODULES = YES;
				CLANG_ENABLE_OBJC_ARC = YES;
				CLANG_ENABLE_OBJC_WEAK = YES;
				CLANG_WARN_BLOCK_CAPTURE_AUTORELEASING = YES;
				CLANG_WARN_BOOL_CONVERSION = YES;
				CLANG_WARN_COMMA = YES;
				CLANG_WARN_CONSTANT_CONVERSION = YES;
				CLANG_WARN_DEPRECATED_OBJC_IMPLEMENTATIONS = YES;
				CLANG_WARN_DIRECT_OBJC_ISA_USAGE = YES_ERROR;
				CLANG_WARN_DOCUMENTATION_COMMENTS = YES;
				CLANG_WARN_EMPTY_BODY = YES;
				CLANG_WARN_ENUM_CONVERSION = YES;
				CLANG_WARN_INFINITE_RECURSION = YES;
				CLANG_WARN_INT_CONVERSION = YES;
				CLANG_WARN_NON_LITERAL_NULL_CONVERSION = YES;
				CLANG_WARN_OBJC_IMPLICIT_RETAIN_SELF = YES;
				CLANG_WARN_OBJC_LITERAL_CONVERSION = YES;
				CLANG_WARN_OBJC_ROOT_CLASS = YES_ERROR;
				CLANG_WARN_RANGE_LOOP_ANALYSIS = YES;
				CLANG_WARN_STRICT_PROTOTYPES = YES;
				CLANG_WARN_SUSPICIOUS_MOVE = YES;
				CLANG_WARN_UNGUARDED_AVAILABILITY = YES_AGGRESSIVE;
				CLANG_WARN_UNREACHABLE_CODE = YES;
				CLANG_WARN__DUPLICATE_METHOD_MATCH = YES;
				COPY_PHASE_STRIP = NO;
				DEBUG_INFORMATION_FORMAT = "dwarf-with-dsym";
				ENABLE_NS_ASSERTIONS = NO;
				ENABLE_STRICT_OBJC_MSGSEND = YES;
				GCC_C_LANGUAGE_STANDARD = gnu11;
				GCC_NO_COMMON_BLOCKS = YES;
				GCC_WARN_64_TO_32_BIT_CONVERSION = YES;
				GCC_WARN_ABOUT_RETURN_TYPE = YES_ERROR;
				GCC_WARN_UNDECLARED_SELECTOR = YES;
				GCC_WARN_UNINITIALIZED_AUTOS = YES_AGGRESSIVE;
				GCC_WARN_UNUSED_FUNCTION = YES;
				GCC_WARN_UNUSED_VARIABLE = YES;
				IPHONEOS_DEPLOYMENT_TARGET = 13.5;
				MTL_ENABLE_DEBUG_INFO = NO;
				MTL_FAST_MATH = YES;
				SDKROOT = iphoneos;
				SWIFT_COMPILATION_MODE = wholemodule;
				SWIFT_OPTIMIZATION_LEVEL = "-O";
				VALIDATE_PRODUCT = YES;
			};
			name = Release;
		};
		84510CAD24985CC4005216F1 /* Debug */ = {
			isa = XCBuildConfiguration;
			buildSettings = {
				ASSETCATALOG_COMPILER_APPICON_NAME = AppIcon;
				CODE_SIGN_STYLE = Automatic;
				DEVELOPMENT_TEAM = 5A4QEC9J56;
				INFOPLIST_FILE = MusicDemo/Info.plist;
				IPHONEOS_DEPLOYMENT_TARGET = 10.0;
				LD_RUNPATH_SEARCH_PATHS = (
					"$(inherited)",
					"@executable_path/Frameworks",
				);
				PRODUCT_BUNDLE_IDENTIFIER = com.huxq.MusicDemo;
				PRODUCT_NAME = "$(TARGET_NAME)";
				SWIFT_VERSION = 5.0;
				TARGETED_DEVICE_FAMILY = 1;
			};
			name = Debug;
		};
		84510CAE24985CC4005216F1 /* Release */ = {
			isa = XCBuildConfiguration;
			buildSettings = {
				ASSETCATALOG_COMPILER_APPICON_NAME = AppIcon;
				CODE_SIGN_STYLE = Automatic;
				DEVELOPMENT_TEAM = 5A4QEC9J56;
				INFOPLIST_FILE = MusicDemo/Info.plist;
				IPHONEOS_DEPLOYMENT_TARGET = 10.0;
				LD_RUNPATH_SEARCH_PATHS = (
					"$(inherited)",
					"@executable_path/Frameworks",
				);
				PRODUCT_BUNDLE_IDENTIFIER = com.huxq.MusicDemo;
				PRODUCT_NAME = "$(TARGET_NAME)";
				SWIFT_VERSION = 5.0;
				TARGETED_DEVICE_FAMILY = 1;
			};
			name = Release;
		};
/* End XCBuildConfiguration section */

/* Begin XCConfigurationList section */
		84510C9324985CBA005216F1 /* Build configuration list for PBXProject "MusicDemo" */ = {
			isa = XCConfigurationList;
			buildConfigurations = (
				84510CAA24985CC4005216F1 /* Debug */,
				84510CAB24985CC4005216F1 /* Release */,
			);
			defaultConfigurationIsVisible = 0;
			defaultConfigurationName = Release;
		};
		84510CAC24985CC4005216F1 /* Build configuration list for PBXNativeTarget "MusicDemo" */ = {
			isa = XCConfigurationList;
			buildConfigurations = (
				84510CAD24985CC4005216F1 /* Debug */,
				84510CAE24985CC4005216F1 /* Release */,
			);
			defaultConfigurationIsVisible = 0;
			defaultConfigurationName = Release;
		};
/* End XCConfigurationList section */
	};
	rootObject = 84510C9024985CBA005216F1 /* Project object */;
}
